
Microsoft Visual Studio Solution File, Format Version 12.00
# Visual Studio Version 17
VisualStudioVersion = 17.9.34622.214
MinimumVisualStudioVersion = 10.0.40219.1
Project("{FAE04EC0-301F-11D3-BF4B-00C04F79EFBC}") = "Monopoly_Unity_Game_Server_DLLForm", "Monopoly_Unity_Game_Server_DLLForm\Monopoly_Unity_Game_Server_DLLForm.csproj", "{C7D4F871-9690-4F0C-B55B-6327C9B42C7A}"
EndProject
Global
	GlobalSection(SolutionConfigurationPlatforms) = preSolution
		Debug|Any CPU = Debug|Any CPU
		Release|Any CPU = Release|Any CPU
	EndGlobalSection
	GlobalSection(ProjectConfigurationPlatforms) = postSolution
		{C7D4F871-9690-4F0C-B55B-6327C9B42C7A}.Debug|Any CPU.ActiveCfg = Debug|Any CPU
		{C7D4F871-9690-4F0C-B55B-6327C9B42C7A}.Debug|Any CPU.Build.0 = Debug|Any CPU
		{C7D4F871-9690-4F0C-B55B-6327C9B42C7A}.Release|Any CPU.ActiveCfg = Release|Any CPU
		{C7D4F871-9690-4F0C-B55B-6327C9B42C7A}.Release|Any CPU.Build.0 = Release|Any CPU
	EndGlobalSection
	GlobalSection(SolutionProperties) = preSolution
		HideSolutionNode = FALSE
	EndGlobalSection
	GlobalSection(ExtensibilityGlobals) = postSolution
		SolutionGuid = {1CF295F2-4A74-4AC7-B5CD-CB539E79FE84}
	EndGlobalSection
EndGlobal
